lockfileVersion: '6.0'

settings:
  autoInstallPeers: true
  excludeLinksFromLockfile: false

devDependencies:
  terser:
    specifier: ^5.30.2
    version: 5.30.2

packages:

  /@jridgewell/gen-mapping@0.3.5:
    resolution: {integrity: sha512-IzL8ZoEDIBRWEzlCcRhOaCupYyN5gdIK+Q6fbFdPDg6HqX6jpkItn7DFIpW9LQzXG6Df9sA7+OKnq0qlz/GaQg==}
    engines: {node: '>=6.0.0'}
    dependencies:
      '@jridgewell/set-array': 1.2.1
      '@jridgewell/sourcemap-codec': 1.4.15
      '@jridgewell/trace-mapping': 0.3.25
    dev: true

  /@jridgewell/resolve-uri@3.1.2:
    resolution: {integrity: sha512-bRISgCIjP20/tbWSPWMEi54QVPRZExkuD9lJL+UIxUKtwVJA8wW1Trb1jMs1RFXo1CBTNZ/5hpC9QvmKWdopKw==}
    engines: {node: '>=6.0.0'}
    dev: true

  /@jridgewell/set-array@1.2.1:
    resolution: {integrity: sha512-R8gLRTZeyp03ymzP/6Lil/28tGeGEzhx1q2k703KGWRAI1VdvPIXdG70VJc2pAMw3NA6JKL5hhFu1sJX0Mnn/A==}
    engines: {node: '>=6.0.0'}
    dev: true

  /@jridgewell/source-map@0.3.6:
    resolution: {integrity: sha512-1ZJTZebgqllO79ue2bm3rIGud/bOe0pP5BjSRCRxxYkEZS8STV7zN84UBbiYu7jy+eCKSnVIUgoWWE/tt+shMQ==}
    dependencies:
      '@jridgewell/gen-mapping': 0.3.5
      '@jridgewell/trace-mapping': 0.3.25
    dev: true

  /@jridgewell/sourcemap-codec@1.4.15:
    resolution: {integrity: sha512-eF2rxCRulEKXHTRiDrDy6erMYWqNw4LPdQ8UQA4huuxaQsVeRPFl2oM8oDGxMFhJUWZf9McpLtJasDDZb/Bpeg==}
    dev: true

  /@jridgewell/trace-mapping@0.3.25:
    resolution: {integrity: sha512-vNk6aEwybGtawWmy/PzwnGDOjCkLWSD2wqvjGGAgOAwCGWySYXfYoxt00IJkTF+8Lb57DwOb3Aa0o9CApepiYQ==}
    dependencies:
      '@jridgewell/resolve-uri': 3.1.2
      '@jridgewell/sourcemap-codec': 1.4.15
    dev: true

  /acorn@8.11.3:
    resolution: {integrity: sha512-Y9rRfJG5jcKOE0CLisYbojUjIrIEE7AGMzA/Sm4BslANhbS+cDMpgBdcPT91oJ7OuJ9hYJBx59RjbhxVnrF8Xg==}
    engines: {node: '>=0.4.0'}
    hasBin: true
    dev: true

  /buffer-from@1.1.2:
    resolution: {integrity: sha512-E+XQCRwSbaaiChtv6k6Dwgc+bx+Bs6vuKJHHl5kox/BaKbhiXzqQOwK4cO22yElGp2OCmjwVhT3HmxgyPGnJfQ==}
    dev: true

  /commander@2.20.3:
    resolution: {integrity: sha512-GpVkmM8vF2vQUkj2LvZmD35JxeJOLCwJ9cUkugyk2nuhbv3+mJvpLYYt+0+USMxE+oj+ey/lJEnhZw75x/OMcQ==}
    dev: true

  /source-map-support@0.5.21:
    resolution: {integrity: sha512-uBHU3L3czsIyYXKX88fdrGovxdSCoTGDRZ6SYXtSRxLZUzHg5P/66Ht6uoUlHu9EZod+inXhKo3qQgwXUT/y1w==}
    dependencies:
      buffer-from: 1.1.2
      source-map: 0.6.1
    dev: true

  /source-map@0.6.1:
    resolution: {integrity: sha512-UjgapumWlbMhkBgzT7Ykc5YXUT46F0iKu8SGXq0bcwP5dz/h0Plj6enJqjz1Zbq2l5WaqYnrVbwWOWMyF3F47g==}
    engines: {node: '>=0.10.0'}
    dev: true

  /terser@5.30.2:
    resolution: {integrity: sha512-vTDjRKYKip4dOFL5VizdoxHTYDfEXPdz5t+FbxCC5Rp2s+KbEO8w5wqMDPgj7CtFKZuzq7PXv28fZoXfqqBVuw==}
    engines: {node: '>=10'}
    hasBin: true
    dependencies:
      '@jridgewell/source-map': 0.3.6
      acorn: 8.11.3
      commander: 2.20.3
      source-map-support: 0.5.21
    dev: true
